
Microsoft Visual Studio Solution File, Format Version 12.00
# Visual Studio Version 17
VisualStudioVersion = 17.8.34004.107
MinimumVisualStudioVersion = 10.0.40219.1
Project("{FAE04EC0-301F-11D3-BF4B-00C04F79EFBC}") = "MediaCapture", "MediaCapture\MediaCapture.csproj", "{1234FE79-6E79-48D9-907D-3732BF57A69B}"
EndProject
Global
	GlobalSection(SolutionConfigurationPlatforms) = preSolution
		Debug|Any CPU = Debug|Any CPU
		Release|Any CPU = Release|Any CPU
	EndGlobalSection
	GlobalSection(ProjectConfigurationPlatforms) = postSolution
		{1234FE79-6E79-48D9-907D-3732BF57A69B}.Debug|Any CPU.ActiveCfg = Debug|Any CPU
		{1234FE79-6E79-48D9-907D-3732BF57A69B}.Debug|Any CPU.Build.0 = Debug|Any CPU
		{1234FE79-6E79-48D9-907D-3732BF57A69B}.Release|Any CPU.ActiveCfg = Release|Any CPU
		{1234FE79-6E79-48D9-907D-3732BF57A69B}.Release|Any CPU.Build.0 = Release|Any CPU
	EndGlobalSection
	GlobalSection(SolutionProperties) = preSolution
		HideSolutionNode = FALSE
	EndGlobalSection
	GlobalSection(ExtensibilityGlobals) = postSolution
		SolutionGuid = {44563069-4543-4AC6-A3B4-FBB3FC0247D5}
	EndGlobalSection
EndGlobal
